
Microsoft Visual Studio Solution File, Format Version 12.00
# Visual Studio 14
VisualStudioVersion = 14.0.25420.1
MinimumVisualStudioVersion = 10.0.40219.1
Project("{FAE04EC0-301F-11D3-BF4B-00C04F79EFBC}") = "eCommerce", "eCommerce\eCommerce.csproj", "{AC97C195-5D8E-4591-945B-501042B14063}"
EndProject
Project("{FAE04EC0-301F-11D3-BF4B-00C04F79EFBC}") = "eCommercePages", "eCommercePages\eCommercePages.csproj", "{8D5D83A6-EBF3-4A4D-A47F-A6607AA6B2CF}"
EndProject
Project("{FAE04EC0-301F-11D3-BF4B-00C04F79EFBC}") = "eCommerceTest", "eCommerceTest\eCommerceTest.csproj", "{C2910C72-6E86-4527-A081-4E8E4B55C93B}"
EndProject
Global
	GlobalSection(SolutionConfigurationPlatforms) = preSolution
		Debug|Any CPU = Debug|Any CPU
		Release|Any CPU = Release|Any CPU
	EndGlobalSection
	GlobalSection(ProjectConfigurationPlatforms) = postSolution
		{AC97C195-5D8E-4591-945B-501042B14063}.Debug|Any CPU.ActiveCfg = Debug|Any CPU
		{AC97C195-5D8E-4591-945B-501042B14063}.Debug|Any CPU.Build.0 = Debug|Any CPU
		{AC97C195-5D8E-4591-945B-501042B14063}.Release|Any CPU.ActiveCfg = Release|Any CPU
		{AC97C195-5D8E-4591-945B-501042B14063}.Release|Any CPU.Build.0 = Release|Any CPU
		{8D5D83A6-EBF3-4A4D-A47F-A6607AA6B2CF}.Debug|Any CPU.ActiveCfg = Debug|Any CPU
		{8D5D83A6-EBF3-4A4D-A47F-A6607AA6B2CF}.Debug|Any CPU.Build.0 = Debug|Any CPU
		{8D5D83A6-EBF3-4A4D-A47F-A6607AA6B2CF}.Release|Any CPU.ActiveCfg = Release|Any CPU
		{8D5D83A6-EBF3-4A4D-A47F-A6607AA6B2CF}.Release|Any CPU.Build.0 = Release|Any CPU
		{C2910C72-6E86-4527-A081-4E8E4B55C93B}.Debug|Any CPU.ActiveCfg = Debug|Any CPU
		{C2910C72-6E86-4527-A081-4E8E4B55C93B}.Debug|Any CPU.Build.0 = Debug|Any CPU
		{C2910C72-6E86-4527-A081-4E8E4B55C93B}.Release|Any CPU.ActiveCfg = Release|Any CPU
		{C2910C72-6E86-4527-A081-4E8E4B55C93B}.Release|Any CPU.Build.0 = Release|Any CPU
	EndGlobalSection
	GlobalSection(SolutionProperties) = preSolution
		HideSolutionNode = FALSE
	EndGlobalSection
EndGlobal
