
Microsoft Visual Studio Solution File, Format Version 12.00
# Visual Studio 14
VisualStudioVersion = 14.0.25420.1
MinimumVisualStudioVersion = 10.0.40219.1
Project("{FAE04EC0-301F-11D3-BF4B-00C04F79EFBC}") = "CoopShoppingCom", "CoopShoppingCom\CoopShoppingCom.csproj", "{B57EDB55-0E96-41B2-9C73-B560A859304F}"
EndProject
Project("{FAE04EC0-301F-11D3-BF4B-00C04F79EFBC}") = "CoopOnlineShoopingPages", "CoopOnlineShoopingPages\CoopOnlineShoopingPages.csproj", "{01B262FB-6034-4A20-BF1B-868F2DC47051}"
EndProject
Project("{FAE04EC0-301F-11D3-BF4B-00C04F79EFBC}") = "CoopOnlineShoppingTest", "CoopOnlineShoppingTest\CoopOnlineShoppingTest.csproj", "{65EDF83E-6922-4C9B-9BEB-CE6B50DE35E3}"
EndProject
Global
	GlobalSection(SolutionConfigurationPlatforms) = preSolution
		Debug|Any CPU = Debug|Any CPU
		Release|Any CPU = Release|Any CPU
	EndGlobalSection
	GlobalSection(ProjectConfigurationPlatforms) = postSolution
		{B57EDB55-0E96-41B2-9C73-B560A859304F}.Debug|Any CPU.ActiveCfg = Debug|Any CPU
		{B57EDB55-0E96-41B2-9C73-B560A859304F}.Debug|Any CPU.Build.0 = Debug|Any CPU
		{B57EDB55-0E96-41B2-9C73-B560A859304F}.Release|Any CPU.ActiveCfg = Release|Any CPU
		{B57EDB55-0E96-41B2-9C73-B560A859304F}.Release|Any CPU.Build.0 = Release|Any CPU
		{01B262FB-6034-4A20-BF1B-868F2DC47051}.Debug|Any CPU.ActiveCfg = Debug|Any CPU
		{01B262FB-6034-4A20-BF1B-868F2DC47051}.Debug|Any CPU.Build.0 = Debug|Any CPU
		{01B262FB-6034-4A20-BF1B-868F2DC47051}.Release|Any CPU.ActiveCfg = Release|Any CPU
		{01B262FB-6034-4A20-BF1B-868F2DC47051}.Release|Any CPU.Build.0 = Release|Any CPU
		{65EDF83E-6922-4C9B-9BEB-CE6B50DE35E3}.Debug|Any CPU.ActiveCfg = Debug|Any CPU
		{65EDF83E-6922-4C9B-9BEB-CE6B50DE35E3}.Debug|Any CPU.Build.0 = Debug|Any CPU
		{65EDF83E-6922-4C9B-9BEB-CE6B50DE35E3}.Release|Any CPU.ActiveCfg = Release|Any CPU
		{65EDF83E-6922-4C9B-9BEB-CE6B50DE35E3}.Release|Any CPU.Build.0 = Release|Any CPU
	EndGlobalSection
	GlobalSection(SolutionProperties) = preSolution
		HideSolutionNode = FALSE
	EndGlobalSection
EndGlobal
